{
  "name": "install_package_in_project",
  "version": "1.0.0",
  "lockfileVersion": 3,
  "requires": true,
  "packages": {
    "": {
      "name": "install_package_in_project",
      "version": "1.0.0",
      "license": "MIT",
      "dependencies": {
        "@waqas_nazir/first-npm-package": "^1.0.1"
      }
    },
    "node_modules/@waqas_nazir/first-npm-package": {
      "version": "1.0.1",
      "resolved": "https://registry.npmjs.org/@waqas_nazir/first-npm-package/-/first-npm-package-1.0.1.tgz",
      "integrity": "sha512-7cJ4ys6Xtohv7G/kvTjxkvTQoyF6Xy6qpBPrPt+P5KoVrCoMfU45HkHo7U7NhlRysJFFfknB36tuxXi0XmCKlQ=="
    }
  }
}
